
Microsoft Visual Studio Solution File, Format Version 12.00
# Visual Studio 14
VisualStudioVersion = 14.0.25420.1
MinimumVisualStudioVersion = 10.0.40219.1
Project("{FAE04EC0-301F-11D3-BF4B-00C04F79EFBC}") = "Catagorization", "Catagorization\Catagorization.csproj", "{690AB17A-95FD-496E-986D-2786527D1171}"
EndProject
Project("{FAE04EC0-301F-11D3-BF4B-00C04F79EFBC}") = "Catagorization.Tests", "Catagorization.Tests\Catagorization.Tests.csproj", "{DB708B2F-AB0B-4C19-80D5-2C74EFE83DC8}"
EndProject
Project("{FAE04EC0-301F-11D3-BF4B-00C04F79EFBC}") = "PeopleService", "PeopleService\PeopleService.csproj", "{A19A9DB3-8AB6-4987-87F9-931D37BD56AE}"
EndProject
Project("{FAE04EC0-301F-11D3-BF4B-00C04F79EFBC}") = "Configuration", "Configuration\Configuration.csproj", "{4B8527CD-2FE2-4C73-B889-0EB2A6DBF6FC}"
EndProject
Global
	GlobalSection(SolutionConfigurationPlatforms) = preSolution
		Debug|Any CPU = Debug|Any CPU
		Release|Any CPU = Release|Any CPU
	EndGlobalSection
	GlobalSection(ProjectConfigurationPlatforms) = postSolution
		{690AB17A-95FD-496E-986D-2786527D1171}.Debug|Any CPU.ActiveCfg = Debug|Any CPU
		{690AB17A-95FD-496E-986D-2786527D1171}.Debug|Any CPU.Build.0 = Debug|Any CPU
		{690AB17A-95FD-496E-986D-2786527D1171}.Release|Any CPU.ActiveCfg = Release|Any CPU
		{690AB17A-95FD-496E-986D-2786527D1171}.Release|Any CPU.Build.0 = Release|Any CPU
		{DB708B2F-AB0B-4C19-80D5-2C74EFE83DC8}.Debug|Any CPU.ActiveCfg = Debug|Any CPU
		{DB708B2F-AB0B-4C19-80D5-2C74EFE83DC8}.Debug|Any CPU.Build.0 = Debug|Any CPU
		{DB708B2F-AB0B-4C19-80D5-2C74EFE83DC8}.Release|Any CPU.ActiveCfg = Release|Any CPU
		{DB708B2F-AB0B-4C19-80D5-2C74EFE83DC8}.Release|Any CPU.Build.0 = Release|Any CPU
		{A19A9DB3-8AB6-4987-87F9-931D37BD56AE}.Debug|Any CPU.ActiveCfg = Debug|Any CPU
		{A19A9DB3-8AB6-4987-87F9-931D37BD56AE}.Debug|Any CPU.Build.0 = Debug|Any CPU
		{A19A9DB3-8AB6-4987-87F9-931D37BD56AE}.Release|Any CPU.ActiveCfg = Release|Any CPU
		{A19A9DB3-8AB6-4987-87F9-931D37BD56AE}.Release|Any CPU.Build.0 = Release|Any CPU
		{4B8527CD-2FE2-4C73-B889-0EB2A6DBF6FC}.Debug|Any CPU.ActiveCfg = Debug|Any CPU
		{4B8527CD-2FE2-4C73-B889-0EB2A6DBF6FC}.Debug|Any CPU.Build.0 = Debug|Any CPU
		{4B8527CD-2FE2-4C73-B889-0EB2A6DBF6FC}.Release|Any CPU.ActiveCfg = Release|Any CPU
		{4B8527CD-2FE2-4C73-B889-0EB2A6DBF6FC}.Release|Any CPU.Build.0 = Release|Any CPU
	EndGlobalSection
	GlobalSection(SolutionProperties) = preSolution
		HideSolutionNode = FALSE
	EndGlobalSection
EndGlobal
